
Microsoft Visual Studio Solution File, Format Version 12.00
# Visual Studio Version 17
VisualStudioVersion = 17.1.32228.430
MinimumVisualStudioVersion = 10.0.40219.1
Project("{FAE04EC0-301F-11D3-BF4B-00C04F79EFBC}") = "MinimalJWT", "MinimalJWT\MinimalJWT.csproj", "{CEF03866-F00A-4842-B7F8-ADEF93BFEDCD}"
EndProject
Global
	GlobalSection(SolutionConfigurationPlatforms) = preSolution
		Debug|Any CPU = Debug|Any CPU
		Release|Any CPU = Release|Any CPU
	EndGlobalSection
	GlobalSection(ProjectConfigurationPlatforms) = postSolution
		{CEF03866-F00A-4842-B7F8-ADEF93BFEDCD}.Debug|Any CPU.ActiveCfg = Debug|Any CPU
		{CEF03866-F00A-4842-B7F8-ADEF93BFEDCD}.Debug|Any CPU.Build.0 = Debug|Any CPU
		{CEF03866-F00A-4842-B7F8-ADEF93BFEDCD}.Release|Any CPU.ActiveCfg = Release|Any CPU
		{CEF03866-F00A-4842-B7F8-ADEF93BFEDCD}.Release|Any CPU.Build.0 = Release|Any CPU
	EndGlobalSection
	GlobalSection(SolutionProperties) = preSolution
		HideSolutionNode = FALSE
	EndGlobalSection
	GlobalSection(ExtensibilityGlobals) = postSolution
		SolutionGuid = {5B1A2ACB-363F-41A2-925A-2E357B4B3025}
	EndGlobalSection
EndGlobal
